<Solution>
  <Configurations>
    <Platform Name="Any CPU" />
    <Platform Name="x64" />
    <Platform Name="x86" />
  </Configurations>
  <Project Path="tests/Pessoas.Integracao.Tests/Pessoas.Integracao.Tests.csproj" />
  <Project Path="src/Pessoas.Integracao/Pessoas.Integracao.csproj" />
</Solution>
