{
  "version": 2,
  "dependencies": {
    "net10.0": {
      "EFCore.BulkExtensions.Core": {
        "type": "Direct",
        "requested": "[10.0.1, )",
        "resolved": "10.0.1",
        "contentHash": "D++Wd1Qy6RM+yMy4nQ3r0nc/cSA0T+AdlFBEuKDhwl6r5bwuBQpluP5h2rvQ3i+CetUGppef6JNH9grg8lo+Bw==",
        "dependencies": {
          "MedallionTopologicalSort": "1.0.0",
          "Microsoft.EntityFrameworkCore.Relational": "10.0.3",
          "NetTopologySuite": "2.6.0"
        }
      },
      "EFCore.BulkExtensions.PostgreSql": {
        "type": "Direct",
        "requested": "[10.0.1, )",
        "resolved": "10.0.1",
        "contentHash": "iZCay5ghyULm4kA0ET6BOrL9J7AhVlgBqILpy4TUBm6yaGALIwcGc/qe6EO/VS+k9/RwJdO4qsRqWiTNrxF1Aw==",
        "dependencies": {
          "EFCore.BulkExtensions.Core": "10.0.1",
          "Npgsql.EntityFrameworkCore.PostgreSQL": "10.0.0"
        }
      },
      "System.Security.Cryptography.Xml": {
        "type": "Direct",
        "requested": "[10.0.9, )",
        "resolved": "10.0.9",
        "contentHash": "RxJRvzbS1rZpGF8389e+TEwTMHIhkNHEUQuAyN2oQkCGsZZ/EKhUUViwteKrs3IeHRzoJPqzB3Z1lJsQg3+Nxg==",
        "dependencies": {
          "System.Security.Cryptography.Pkcs": "10.0.9"
        }
      },
      "System.ServiceModel.Http": {
        "type": "Direct",
        "requested": "[10.0.652802, )",
        "resolved": "10.0.652802",
        "contentHash": "G02XZvmccf42QCU5MjviBIg69MSMAVHwL1inVPsNSpfp5g+t5BkQM3DyvWRLN4qmeFDWSF/mA1rIYONIDu/6Dg==",
        "dependencies": {
          "System.ServiceModel.Primitives": "10.0.652802"
        }
      },
      "System.ServiceModel.NetTcp": {
        "type": "Direct",
        "requested": "[10.0.652802, )",
        "resolved": "10.0.652802",
        "contentHash": "VFQgu0IRWUPuPTxHZkMmhPNGYqcu9RwpFcZpW5L941dunUY8nJAErtAWEZYKnj2zAWsm/88nLAEoFc4cuoC2zw==",
        "dependencies": {
          "System.ServiceModel.NetFramingBase": "10.0.652802",
          "System.ServiceModel.Primitives": "10.0.652802"
        }
      },
      "System.ServiceModel.Primitives": {
        "type": "Direct",
        "requested": "[10.0.652802, )",
        "resolved": "10.0.652802",
        "contentHash": "ULfGNl75BNXkpF42wNV2CDXJ64dUZZEa8xO2mBsc4tqbW9QjruxjEB6bAr4Z/T1rNU+leOztIjCJQYsBGFWYlw==",
        "dependencies": {
          "Microsoft.Extensions.ObjectPool": "10.0.0",
          "System.Security.Cryptography.Xml": "10.0.0"
        }
      },
      "MedallionTopologicalSort": {
        "type": "Transitive",
        "resolved": "1.0.0",
        "contentHash": "dcAqM8TcyZQ/T466CvqNMUUn/G0FQE+4R7l62ngXH7hLFP9yA7yoP/ySsLgiXx3pGUQC3J+cUvXmJOOR/eC+oQ=="
      },
      "Microsoft.EntityFrameworkCore.Abstractions": {
        "type": "Transitive",
        "resolved": "10.0.3",
        "contentHash": "c7Uoz381xnMHNBRB8eHRhGgzUtXbgddlbODhwZRrTSzZWDharp3RkJsFwhxyESbeXhCqmML7VdvjMQ7uu+HreA=="
      },
      "Microsoft.EntityFrameworkCore.Analyzers": {
        "type": "Transitive",
        "resolved": "10.0.3",
        "contentHash": "lVABgJTyTUNE7Bi0bSu4dWHiCHIXEGzTh/kLh0N07IgU/tIKwTeBPp8tgV4x2iKj4h7iPLo8oXzyHmLDGtAE1g=="
      },
      "Microsoft.EntityFrameworkCore.Relational": {
        "type": "Transitive",
        "resolved": "10.0.3",
        "contentHash": "Pmh60OK9neVr/M0FJwm9hlzm2bD4Kd65SID8E6SP5c90tExNgXwORrlEWl0oGU/ig9ifpNN4PSpIrnHNozlT5w==",
        "dependencies": {
          "Microsoft.EntityFrameworkCore": "10.0.3",
          "Microsoft.Extensions.Caching.Memory": "10.0.3",
          "Microsoft.Extensions.Configuration.Abstractions": "10.0.3",
          "Microsoft.Extensions.Logging": "10.0.3"
        }
      },
      "Microsoft.Extensions.Caching.Abstractions": {
        "type": "Transitive",
        "resolved": "10.0.3",
        "contentHash": "5dtXBvI8t3z8pF4tB38JYgi/enCL/DwSXxpqShgFz3SHJ7IzqFIMs6Gu5ik8sNZzcO9qQs3xIDpB3vDamkYG+Q==",
        "dependencies": {
          "Microsoft.Extensions.Primitives": "10.0.3"
        }
      },
      "Microsoft.Extensions.Caching.Memory": {
        "type": "Transitive",
        "resolved": "10.0.3",
        "contentHash": "No4fVh0z30SWqiWFRoA4PNdrEco6OjXvCqRFvlmRgDQqqks2bRDdeavUgWEiAX153ZAwW9loUgbxcvuP4NKQLg==",
        "dependencies": {
          "Microsoft.Extensions.Caching.Abstractions": "10.0.3",
          "Microsoft.Extensions.DependencyInjection.Abstractions": "10.0.3",
          "Microsoft.Extensions.Logging.Abstractions": "10.0.3",
          "Microsoft.Extensions.Options": "10.0.3",
          "Microsoft.Extensions.Primitives": "10.0.3"
        }
      },
      "Microsoft.Extensions.Configuration.Abstractions": {
        "type": "Transitive",
        "resolved": "10.0.3",
        "contentHash": "xVDHL0+SIgemfh95fTO9cGLe17TWv/ZP0n7m01z8X6pzt2DmQpucioWR/mYZA1sRlkWnkXzfl0JweLNWmE9WMg==",
        "dependencies": {
          "Microsoft.Extensions.Primitives": "10.0.3"
        }
      },
      "Microsoft.Extensions.DependencyInjection": {
        "type": "Transitive",
        "resolved": "10.0.3",
        "contentHash": "2DLOmC0EkB2smVK8lPP1PIKEgL1arE3CMp9XSIQB/Y7ev5nnnyuM/PizKJ6QfLD08QCYoopSC9SFdbYglDomYg==",
        "dependencies": {
          "Microsoft.Extensions.DependencyInjection.Abstractions": "10.0.3"
        }
      },
      "Microsoft.Extensions.DependencyInjection.Abstractions": {
        "type": "Transitive",
        "resolved": "10.0.3",
        "contentHash": "bwGMrRcAMWx2s/RDgja97p27rxSz2pEQW0+rX5cWAUWVETVJ/eyxGfjAl8vuG5a+lckWmPIE+vcuaZNVB5YDdw=="
      },
      "Microsoft.Extensions.Logging": {
        "type": "Transitive",
        "resolved": "10.0.3",
        "contentHash": "8D9Er1cGXNjNDIB+VLBNHn386L5ls2FoiG9a6o12gyn+GG3w6jdfUhzT8dtBnKcevE7/fsVA8MS3FBgFfClFtQ==",
        "dependencies": {
          "Microsoft.Extensions.DependencyInjection": "10.0.3",
          "Microsoft.Extensions.Logging.Abstractions": "10.0.3",
          "Microsoft.Extensions.Options": "10.0.3"
        }
      },
      "Microsoft.Extensions.Logging.Abstractions": {
        "type": "Transitive",
        "resolved": "10.0.3",
        "contentHash": "lxl0WLk7ROgBFAsjcOYjQ8/DVK+VMszxGBzUhgtQmAsTNldLL5pk9NG/cWTsXHq0lUhUEAtZkEE7jOGOA8bGKQ==",
        "dependencies": {
          "Microsoft.Extensions.DependencyInjection.Abstractions": "10.0.3"
        }
      },
      "Microsoft.Extensions.ObjectPool": {
        "type": "Transitive",
        "resolved": "10.0.0",
        "contentHash": "bpeCq0IYmVLACyEUMzFIOQX+zZUElG1t+nu1lSxthe7B+1oNYking7b91305+jNB6iwojp9fqTY9O+Nh7ULQxg=="
      },
      "Microsoft.Extensions.Options": {
        "type": "Transitive",
        "resolved": "10.0.3",
        "contentHash": "hU6WzGTPvPoLA2ng1ILvWQb3g0qORdlHNsxI8IcPLumJb3suimYUl+bbDzdo1V4KFsvVhnMWzysHpKbZaoDQPQ==",
        "dependencies": {
          "Microsoft.Extensions.DependencyInjection.Abstractions": "10.0.3",
          "Microsoft.Extensions.Primitives": "10.0.3"
        }
      },
      "Microsoft.Extensions.Primitives": {
        "type": "Transitive",
        "resolved": "10.0.3",
        "contentHash": "GEcpTwo7sUoLGGNTqV1FZEuL+tTD9m81NX/mh099dqGNna07/UGZShKQNZRw4hv6nlliSUwYQgSYc7OR99Jufg=="
      },
      "NetTopologySuite": {
        "type": "Transitive",
        "resolved": "2.6.0",
        "contentHash": "1B1OTacTd4QtFyBeuIOcThwSSLUdRZU3bSFIwM8vk36XiZlBMi3K36u74e4OqwwHRHUuJC1PhbDx4hyI266X1Q=="
      },
      "Npgsql": {
        "type": "Transitive",
        "resolved": "10.0.0",
        "contentHash": "xZAYhPOU2rUIFpV48xsqhCx9vXs6Y+0jX2LCoSEfDFYMw9jtAOUk3iQsCnDLrFIv9NT3JGMihn7nnuZsPKqJmA==",
        "dependencies": {
          "Microsoft.Extensions.Logging.Abstractions": "10.0.0"
        }
      },
      "System.Security.Cryptography.Pkcs": {
        "type": "Transitive",
        "resolved": "10.0.9",
        "contentHash": "aud6Ox9eSPayMBNu6qL+Zk7yDB6ShrRxg1aMJ1uPqFTGAFVisrjFeKj6RE9SimjNKcbl+chwmiYIK4b3hvc61A=="
      },
      "System.ServiceModel.NetFramingBase": {
        "type": "Transitive",
        "resolved": "10.0.652802",
        "contentHash": "8/wx/Xnfm9LmGmK0banr05JJYNZmJzlxa8J5lfR7v3MM78QzSG8C3/HDi0/BjlOMeMZd21sX7oEFUhoucrk49w==",
        "dependencies": {
          "System.ServiceModel.Primitives": "10.0.652802"
        }
      },
      "Microsoft.EntityFrameworkCore": {
        "type": "CentralTransitive",
        "requested": "[10.0.9, )",
        "resolved": "10.0.3",
        "contentHash": "CDEImwD4A7BseABJMCpLZnhfFjmPY/bHwhhS70elc6gLI/bYUEOhxWt7PmaNGYGhIEzOnStlCy5QcVb+8dod5Q==",
        "dependencies": {
          "Microsoft.EntityFrameworkCore.Abstractions": "10.0.3",
          "Microsoft.EntityFrameworkCore.Analyzers": "10.0.3",
          "Microsoft.Extensions.Caching.Memory": "10.0.3",
          "Microsoft.Extensions.Logging": "10.0.3"
        }
      },
      "Npgsql.EntityFrameworkCore.PostgreSQL": {
        "type": "CentralTransitive",
        "requested": "[10.0.2, )",
        "resolved": "10.0.0",
        "contentHash": "E2+uSWxSB8LdsUVwPaqRWOcGOP92biry2JEwc0KJMdLJF+aZdczeIdEXVwEyv4nSVMQJH0o8tLhyAMiR6VF0lw==",
        "dependencies": {
          "Microsoft.EntityFrameworkCore": "[10.0.0, 11.0.0)",
          "Microsoft.EntityFrameworkCore.Relational": "[10.0.0, 11.0.0)",
          "Npgsql": "10.0.0"
        }
      }
    }
  }
}
