{
  "version": 2,
  "dependencies": {
    "net10.0": {
      "System.Security.Cryptography.Xml": {
        "type": "Direct",
        "requested": "[10.0.9, )",
        "resolved": "10.0.9",
        "contentHash": "RxJRvzbS1rZpGF8389e+TEwTMHIhkNHEUQuAyN2oQkCGsZZ/EKhUUViwteKrs3IeHRzoJPqzB3Z1lJsQg3+Nxg==",
        "dependencies": {
          "System.Security.Cryptography.Pkcs": "10.0.9"
        }
      },
      "System.ServiceModel.Http": {
        "type": "Direct",
        "requested": "[10.0.652802, )",
        "resolved": "10.0.652802",
        "contentHash": "G02XZvmccf42QCU5MjviBIg69MSMAVHwL1inVPsNSpfp5g+t5BkQM3DyvWRLN4qmeFDWSF/mA1rIYONIDu/6Dg==",
        "dependencies": {
          "System.ServiceModel.Primitives": "10.0.652802"
        }
      },
      "System.ServiceModel.NetTcp": {
        "type": "Direct",
        "requested": "[10.0.652802, )",
        "resolved": "10.0.652802",
        "contentHash": "VFQgu0IRWUPuPTxHZkMmhPNGYqcu9RwpFcZpW5L941dunUY8nJAErtAWEZYKnj2zAWsm/88nLAEoFc4cuoC2zw==",
        "dependencies": {
          "System.ServiceModel.NetFramingBase": "10.0.652802",
          "System.ServiceModel.Primitives": "10.0.652802"
        }
      },
      "System.ServiceModel.Primitives": {
        "type": "Direct",
        "requested": "[10.0.652802, )",
        "resolved": "10.0.652802",
        "contentHash": "ULfGNl75BNXkpF42wNV2CDXJ64dUZZEa8xO2mBsc4tqbW9QjruxjEB6bAr4Z/T1rNU+leOztIjCJQYsBGFWYlw==",
        "dependencies": {
          "Microsoft.Extensions.ObjectPool": "10.0.0",
          "System.Security.Cryptography.Xml": "10.0.0"
        }
      },
      "Microsoft.Extensions.ObjectPool": {
        "type": "Transitive",
        "resolved": "10.0.0",
        "contentHash": "bpeCq0IYmVLACyEUMzFIOQX+zZUElG1t+nu1lSxthe7B+1oNYking7b91305+jNB6iwojp9fqTY9O+Nh7ULQxg=="
      },
      "System.Security.Cryptography.Pkcs": {
        "type": "Transitive",
        "resolved": "10.0.9",
        "contentHash": "aud6Ox9eSPayMBNu6qL+Zk7yDB6ShrRxg1aMJ1uPqFTGAFVisrjFeKj6RE9SimjNKcbl+chwmiYIK4b3hvc61A=="
      },
      "System.ServiceModel.NetFramingBase": {
        "type": "Transitive",
        "resolved": "10.0.652802",
        "contentHash": "8/wx/Xnfm9LmGmK0banr05JJYNZmJzlxa8J5lfR7v3MM78QzSG8C3/HDi0/BjlOMeMZd21sX7oEFUhoucrk49w==",
        "dependencies": {
          "System.ServiceModel.Primitives": "10.0.652802"
        }
      }
    }
  }
}
