{
  "version": 2,
  "dependencies": {
    "net10.0": {
      "Keycloak.AuthServices.Authentication": {
        "type": "Direct",
        "requested": "[3.0.0, )",
        "resolved": "3.0.0",
        "contentHash": "2nN1gR7TLRndbbZMs/cg1mIor+hCh+6+VkQXrnrJoECYFI71jTP641jBy6KxL7Uhhh8CmDpNCrR1uhDAv2AO9w==",
        "dependencies": {
          "Microsoft.AspNetCore.Authentication.JwtBearer": "10.0.5",
          "Microsoft.AspNetCore.Authentication.OpenIdConnect": "10.0.5",
          "Microsoft.IdentityModel.Protocols.OpenIdConnect": "8.17.0"
        }
      },
      "Keycloak.AuthServices.Common": {
        "type": "Direct",
        "requested": "[3.0.0, )",
        "resolved": "3.0.0",
        "contentHash": "WpbOg1UVlzfA0nC1fmIhuabvAHdYy3n6gKpgJm7OtFdYZcL35uoBy1R81SutV/F/dEivPpgMJVu121rSRGfIUw=="
      },
      "Microsoft.AspNetCore.OpenApi": {
        "type": "Direct",
        "requested": "[10.0.9, )",
        "resolved": "10.0.9",
        "contentHash": "1ihb8FO9cGgEK1/m3CTtT/SfnynwmiZib0W2pcDVj3KSWk/Sca4VOXEtaptKQc582zpFrzTFiwkGRCglt6H+WQ==",
        "dependencies": {
          "Microsoft.OpenApi": "2.0.0"
        }
      },
      "NSwag.AspNetCore": {
        "type": "Direct",
        "requested": "[14.7.1, )",
        "resolved": "14.7.1",
        "contentHash": "dL25k8teUyyCDsfRRzezRE++yruSLmsPuGwyl6cHBJQa+ivp0MgQ20VONJ33wzHHLediMTW6X18hKu8qP2Vbmg==",
        "dependencies": {
          "NJsonSchema": "11.6.1",
          "NJsonSchema.NewtonsoftJson": "11.6.1",
          "NJsonSchema.Yaml": "11.6.1",
          "NSwag.Annotations": "14.7.1",
          "NSwag.Core.Yaml": "14.7.1",
          "NSwag.Generation.AspNetCore": "14.7.1",
          "Namotion.Reflection": "3.5.0",
          "Newtonsoft.Json": "13.0.3"
        }
      },
      "MedallionTopologicalSort": {
        "type": "Transitive",
        "resolved": "1.0.0",
        "contentHash": "dcAqM8TcyZQ/T466CvqNMUUn/G0FQE+4R7l62ngXH7hLFP9yA7yoP/ySsLgiXx3pGUQC3J+cUvXmJOOR/eC+oQ=="
      },
      "Microsoft.AspNetCore.Authentication.JwtBearer": {
        "type": "Transitive",
        "resolved": "10.0.5",
        "contentHash": "fZzXogChrwQ/SfifQJgeW7AtR8hUv5+LH9oLWjm5OqfnVt3N8MwcMHHMdawvqqdjP79lIZgetnSpj77BLsSI1g==",
        "dependencies": {
          "Microsoft.IdentityModel.Protocols.OpenIdConnect": "8.0.1"
        }
      },
      "Microsoft.AspNetCore.Authentication.OpenIdConnect": {
        "type": "Transitive",
        "resolved": "10.0.5",
        "contentHash": "MPODD1XR3wu+QbVBpId+uO7yGfhSr1ZIdiPrqzbApHlVUdi2Va29elIKYaROaZd5ksvYWtPnurvHPzTrzg1UnQ==",
        "dependencies": {
          "Microsoft.IdentityModel.Protocols.OpenIdConnect": "8.0.1"
        }
      },
      "Microsoft.EntityFrameworkCore.Abstractions": {
        "type": "Transitive",
        "resolved": "10.0.9",
        "contentHash": "GRMaiPkqYna/gCsyDffYDWmefGPC3hDrdMw+2rrGcQwhs6uZOsaMQXMJnoXQ35tx9SkBV2ieRRU9N/jLOO6BZw=="
      },
      "Microsoft.EntityFrameworkCore.Analyzers": {
        "type": "Transitive",
        "resolved": "10.0.9",
        "contentHash": "aiEFB+C5EsZGqxvMPazE07hbWsp4iPaufJpanGt5O+lrwv7mJLrqma5haVIgFAPCyhQkmk75XSCEubT1zUjxtA=="
      },
      "Microsoft.EntityFrameworkCore.Relational": {
        "type": "Transitive",
        "resolved": "10.0.4",
        "contentHash": "DOTjTHy93W3TwpMLM4SCm0n57Sc0Jj3+m2S6LSTstKyBB34eT1UouaMS19mpWwvtj42+sRiEjA3+rOTNoNzXFQ==",
        "dependencies": {
          "Microsoft.EntityFrameworkCore": "10.0.4"
        }
      },
      "Microsoft.IdentityModel.Abstractions": {
        "type": "Transitive",
        "resolved": "8.17.0",
        "contentHash": "6NrxQGcZg6IunkN8K2F0UVMavNpfCjbjjjON7PYcL8FwI8aULKUreiHsRX/yaA8j3XsTJnQKUYpoQk5gBjULZw=="
      },
      "Microsoft.IdentityModel.JsonWebTokens": {
        "type": "Transitive",
        "resolved": "8.17.0",
        "contentHash": "JbFZ3OVwtvqcqgBL0cIkhRYbIP7u9GIUYLOgbNqLWtBtZY8tGDpdGyXMzUVX0gVHq1ovuHsKZrkVv+ziHEnBHw==",
        "dependencies": {
          "Microsoft.IdentityModel.Tokens": "8.17.0"
        }
      },
      "Microsoft.IdentityModel.Logging": {
        "type": "Transitive",
        "resolved": "8.17.0",
        "contentHash": "w1vjfri0BWqW7RkSZY3ZsqekNfIJJg5BQSFs2j+a+pCXOVrkezmJcn74pT3djwjXJh71577C6wJQgNc2UPz30w==",
        "dependencies": {
          "Microsoft.IdentityModel.Abstractions": "8.17.0"
        }
      },
      "Microsoft.IdentityModel.Protocols": {
        "type": "Transitive",
        "resolved": "8.17.0",
        "contentHash": "TYbO2KMvWvu8bxbEDCgzggNckCGjwr6NxFf2VYW7PpmCRbsoMNNgVYlCiRvy748t6gj5MJ8v/jcqWrcLMg6PaQ==",
        "dependencies": {
          "Microsoft.IdentityModel.Tokens": "8.17.0"
        }
      },
      "Microsoft.IdentityModel.Protocols.OpenIdConnect": {
        "type": "Transitive",
        "resolved": "8.17.0",
        "contentHash": "8DuZM96o2epBioyp56Q+H8bdGwO8FnU4nQMa0c6pboe9+monH9PZGY+CHKmsdw90ObJ5OXtiKG1TWuLbJp2VvQ==",
        "dependencies": {
          "Microsoft.IdentityModel.Protocols": "8.17.0",
          "System.IdentityModel.Tokens.Jwt": "8.17.0"
        }
      },
      "Microsoft.IdentityModel.Tokens": {
        "type": "Transitive",
        "resolved": "8.17.0",
        "contentHash": "teaW35URIV2x78Tzk+dVJiC4M62/9mQoSEoDjDGoEZmcQa3H2rE+XQpm9Tmdo9KK1Lcrnve4zoyLavl69kCFGg==",
        "dependencies": {
          "Microsoft.IdentityModel.Logging": "8.17.0"
        }
      },
      "Microsoft.OpenApi": {
        "type": "Transitive",
        "resolved": "2.0.0",
        "contentHash": "GGYLfzV/G/ct80OZ45JxnWP7NvMX1BCugn/lX7TH5o0lcVaviavsLMTxmFV2AybXWjbi3h6FF1vgZiTK6PXndw=="
      },
      "Namotion.Reflection": {
        "type": "Transitive",
        "resolved": "3.5.0",
        "contentHash": "FnASiAaTGSmB4SaSroIwnK4ph9noFIXZpPOMezDqWw5S/TNakzSnawPeM7u0Auq1/EqJXeqG4s6UjfrGBH33Ow=="
      },
      "NetTopologySuite": {
        "type": "Transitive",
        "resolved": "2.6.0",
        "contentHash": "1B1OTacTd4QtFyBeuIOcThwSSLUdRZU3bSFIwM8vk36XiZlBMi3K36u74e4OqwwHRHUuJC1PhbDx4hyI266X1Q=="
      },
      "Newtonsoft.Json": {
        "type": "Transitive",
        "resolved": "13.0.3",
        "contentHash": "HrC5BXdl00IP9zeV+0Z848QWPAoCr9P3bDEZguI+gkLcBKAOxix/tLEAAHC+UvDNPv4a2d18lOReHMOagPa+zQ=="
      },
      "NJsonSchema": {
        "type": "Transitive",
        "resolved": "11.6.1",
        "contentHash": "miqvNY4OSXCWVqaMqt0A8VUkij0UH1oPosHMLP+t6/nWNSSzWDPmm7G2DjVW7M9evy0x5DE2pS/DDTtKCpbzSQ==",
        "dependencies": {
          "NJsonSchema.Annotations": "11.6.1",
          "Namotion.Reflection": "3.5.0",
          "Newtonsoft.Json": "13.0.3"
        }
      },
      "NJsonSchema.Annotations": {
        "type": "Transitive",
        "resolved": "11.6.1",
        "contentHash": "WA4z8iK+0SOh2/qoo7rtEanj/LjJZ8oWWoXI8u1xcYMk6VzHONqpabJBYGrzqDO41ld+VQHOFL+B8MXncIVSSA=="
      },
      "NJsonSchema.NewtonsoftJson": {
        "type": "Transitive",
        "resolved": "11.6.1",
        "contentHash": "yuGwViKjNT7BAosX1UAl2asAczupUS0v1IZ0/cO5UXonhjUgE1LmAjAMqHjpbaXiDM+HrQIkJh3bv/2faY2aJg==",
        "dependencies": {
          "NJsonSchema": "11.6.1",
          "Newtonsoft.Json": "13.0.3"
        }
      },
      "NJsonSchema.Yaml": {
        "type": "Transitive",
        "resolved": "11.6.1",
        "contentHash": "3jH3tupVurenoO+bnp9BWR5G46caNqXSWSMGuwb403F7a9vkO13LycuyjD9ohpZHI9crFY8EUWco+pL7eTUxdg==",
        "dependencies": {
          "NJsonSchema": "11.6.1",
          "YamlDotNet": "16.3.0"
        }
      },
      "Npgsql": {
        "type": "Transitive",
        "resolved": "10.0.3",
        "contentHash": "7nb5YzXuvWWJxB0J8DiyL3we+X4FOctZrt0fIBnucOIaIevFEEwGQVZKtiu9olXdlNAK1eNgqSral6r/jlhI4w=="
      },
      "NSwag.Annotations": {
        "type": "Transitive",
        "resolved": "14.7.1",
        "contentHash": "4McUe39+UXcJc0fk+ZfUy87cy3Myh89/EaGgQwnBKKUsNMc5WEbP+TVk0ByHKGQf9hoO9ouaOGCGeJD0EVQkjg=="
      },
      "NSwag.Core": {
        "type": "Transitive",
        "resolved": "14.7.1",
        "contentHash": "iwwAeMZ3kugAKCokuOdHzKK/OHdp19vUP/B32CJO10HHzVgC+O4M7HXtHuDf9tloC3OEJ2wkUV4/cYrX4Mr98g==",
        "dependencies": {
          "NJsonSchema": "11.6.1",
          "Namotion.Reflection": "3.5.0",
          "Newtonsoft.Json": "13.0.3"
        }
      },
      "NSwag.Core.Yaml": {
        "type": "Transitive",
        "resolved": "14.7.1",
        "contentHash": "C6nkmDBI/Ps54kilnIgq3S9KQnj4IWvncD4xyYolukueqNSTH8gLgPleff0XAgVWZEvFSIKKSTD4q6rxrpkp2w==",
        "dependencies": {
          "NJsonSchema": "11.6.1",
          "NJsonSchema.Yaml": "11.6.1",
          "NSwag.Core": "14.7.1",
          "Namotion.Reflection": "3.5.0",
          "Newtonsoft.Json": "13.0.3"
        }
      },
      "NSwag.Generation": {
        "type": "Transitive",
        "resolved": "14.7.1",
        "contentHash": "+c7KhqBYoDkuEwuzkTG2FYYX6IuBRsXhOVuzO4QcFCwLXqNIzN1v+zAAdNjpd751I8jurpIes4Y7FoFuei/Uag==",
        "dependencies": {
          "NJsonSchema": "11.6.1",
          "NJsonSchema.NewtonsoftJson": "11.6.1",
          "NSwag.Core": "14.7.1",
          "Namotion.Reflection": "3.5.0",
          "Newtonsoft.Json": "13.0.3"
        }
      },
      "NSwag.Generation.AspNetCore": {
        "type": "Transitive",
        "resolved": "14.7.1",
        "contentHash": "nd1DXN9SwnzdJKtR+EqXHGE6cbkbKjo3AViwpGIBurrLEnYevC8vqkRSKdfhuHViSsihqWXF+Q9rR19yyNFiOA==",
        "dependencies": {
          "NJsonSchema": "11.6.1",
          "NJsonSchema.NewtonsoftJson": "11.6.1",
          "NSwag.Generation": "14.7.1",
          "Namotion.Reflection": "3.5.0",
          "Newtonsoft.Json": "13.0.3"
        }
      },
      "Quartz": {
        "type": "Transitive",
        "resolved": "3.18.2",
        "contentHash": "/KaRLj7jv84RSIR/UtAWnzYRmS7o/mA6CdEuoLwxhLa9Nfl7Q1keMA7Fe/r2BzRfDf+7YpN1QNEYSSU89DA3OA=="
      },
      "Quartz.Extensions.DependencyInjection": {
        "type": "Transitive",
        "resolved": "3.18.2",
        "contentHash": "+P0z/WUQZF/QrY5wB1wgvl9/VkiWqGR/K5bdtjW1qiFBraEoe/dqfNTxXQPnSZHnha1qmSBRoa5oA7kwHPsTqA==",
        "dependencies": {
          "Quartz": "3.18.2"
        }
      },
      "System.IdentityModel.Tokens.Jwt": {
        "type": "Transitive",
        "resolved": "8.17.0",
        "contentHash": "nKikRYheDeSaXA3wGr2otwaiRFygBa25m+hc7MEomZVIEWZvKVqd8wgP9yn+8QpLRGgw//dUs4LErGx9gtVmAA==",
        "dependencies": {
          "Microsoft.IdentityModel.JsonWebTokens": "8.17.0",
          "Microsoft.IdentityModel.Tokens": "8.17.0"
        }
      },
      "System.ServiceModel.NetFramingBase": {
        "type": "Transitive",
        "resolved": "10.0.652802",
        "contentHash": "8/wx/Xnfm9LmGmK0banr05JJYNZmJzlxa8J5lfR7v3MM78QzSG8C3/HDi0/BjlOMeMZd21sX7oEFUhoucrk49w==",
        "dependencies": {
          "System.ServiceModel.Primitives": "10.0.652802"
        }
      },
      "YamlDotNet": {
        "type": "Transitive",
        "resolved": "16.3.0",
        "contentHash": "SgMOdxbz8X65z8hraIs6hOEdnkH6hESTAIUa7viEngHOYaH+6q5XJmwr1+yb9vJpNQ19hCQY69xbFsLtXpobQA=="
      },
      "pessoas.integracao.core": {
        "type": "Project",
        "dependencies": {
          "EFCore.BulkExtensions.Core": "[10.0.1, )",
          "EFCore.BulkExtensions.PostgreSql": "[10.0.1, )",
          "Microsoft.EntityFrameworkCore": "[10.0.9, )",
          "Npgsql.EntityFrameworkCore.PostgreSQL": "[10.0.2, )"
        }
      },
      "pessoas.integracao.worker": {
        "type": "Project",
        "dependencies": {
          "EFCore.BulkExtensions.Core": "[10.0.1, )",
          "EFCore.BulkExtensions.PostgreSql": "[10.0.1, )",
          "Pessoas.Integracao.Core": "[1.0.0, )",
          "Quartz.Extensions.Hosting": "[3.18.2, )",
          "System.ServiceModel.Http": "[10.0.652802, )",
          "System.ServiceModel.NetTcp": "[10.0.652802, )",
          "System.ServiceModel.Primitives": "[10.0.652802, )"
        }
      },
      "EFCore.BulkExtensions.Core": {
        "type": "CentralTransitive",
        "requested": "[10.0.1, )",
        "resolved": "10.0.1",
        "contentHash": "D++Wd1Qy6RM+yMy4nQ3r0nc/cSA0T+AdlFBEuKDhwl6r5bwuBQpluP5h2rvQ3i+CetUGppef6JNH9grg8lo+Bw==",
        "dependencies": {
          "MedallionTopologicalSort": "1.0.0",
          "Microsoft.EntityFrameworkCore.Relational": "10.0.3",
          "NetTopologySuite": "2.6.0"
        }
      },
      "EFCore.BulkExtensions.PostgreSql": {
        "type": "CentralTransitive",
        "requested": "[10.0.1, )",
        "resolved": "10.0.1",
        "contentHash": "iZCay5ghyULm4kA0ET6BOrL9J7AhVlgBqILpy4TUBm6yaGALIwcGc/qe6EO/VS+k9/RwJdO4qsRqWiTNrxF1Aw==",
        "dependencies": {
          "EFCore.BulkExtensions.Core": "10.0.1",
          "Npgsql.EntityFrameworkCore.PostgreSQL": "10.0.0"
        }
      },
      "Microsoft.EntityFrameworkCore": {
        "type": "CentralTransitive",
        "requested": "[10.0.9, )",
        "resolved": "10.0.9",
        "contentHash": "tu85SRzOT021V7EQlViCiAE7TqldVn469Y6lt5TEn/+XC4/MeNCHgMRSxqYuWqvF4zAQZUhCmtNEZuM3ss4LeA==",
        "dependencies": {
          "Microsoft.EntityFrameworkCore.Abstractions": "10.0.9",
          "Microsoft.EntityFrameworkCore.Analyzers": "10.0.9"
        }
      },
      "Npgsql.EntityFrameworkCore.PostgreSQL": {
        "type": "CentralTransitive",
        "requested": "[10.0.2, )",
        "resolved": "10.0.2",
        "contentHash": "PsNYgPOSW41Xx19gin7y4EdZAPteWr9Cb01XkdObxOsPzi+mgBupBEN7J7+erXFsROPOILM7MlIoO9QzL8+LGQ==",
        "dependencies": {
          "Microsoft.EntityFrameworkCore": "[10.0.4, 11.0.0)",
          "Microsoft.EntityFrameworkCore.Relational": "[10.0.4, 11.0.0)",
          "Npgsql": "10.0.3"
        }
      },
      "Quartz.Extensions.Hosting": {
        "type": "CentralTransitive",
        "requested": "[3.18.2, )",
        "resolved": "3.18.2",
        "contentHash": "6uSMAm4FArjtVoxBjlkA+gHL1Eln2ngIOnRTrVrYxtSlM5PpLQd2aV+fc/OOwfwt+AyDm69HOAybEFqVvyyG2A==",
        "dependencies": {
          "Quartz.Extensions.DependencyInjection": "3.18.2"
        }
      },
      "System.ServiceModel.Http": {
        "type": "CentralTransitive",
        "requested": "[10.0.652802, )",
        "resolved": "10.0.652802",
        "contentHash": "G02XZvmccf42QCU5MjviBIg69MSMAVHwL1inVPsNSpfp5g+t5BkQM3DyvWRLN4qmeFDWSF/mA1rIYONIDu/6Dg==",
        "dependencies": {
          "System.ServiceModel.Primitives": "10.0.652802"
        }
      },
      "System.ServiceModel.NetTcp": {
        "type": "CentralTransitive",
        "requested": "[10.0.652802, )",
        "resolved": "10.0.652802",
        "contentHash": "VFQgu0IRWUPuPTxHZkMmhPNGYqcu9RwpFcZpW5L941dunUY8nJAErtAWEZYKnj2zAWsm/88nLAEoFc4cuoC2zw==",
        "dependencies": {
          "System.ServiceModel.NetFramingBase": "10.0.652802",
          "System.ServiceModel.Primitives": "10.0.652802"
        }
      },
      "System.ServiceModel.Primitives": {
        "type": "CentralTransitive",
        "requested": "[10.0.652802, )",
        "resolved": "10.0.652802",
        "contentHash": "ULfGNl75BNXkpF42wNV2CDXJ64dUZZEa8xO2mBsc4tqbW9QjruxjEB6bAr4Z/T1rNU+leOztIjCJQYsBGFWYlw=="
      }
    }
  }
}