{
  "version": 2,
  "dependencies": {
    "net10.0": {
      "Keycloak.AuthServices.Authentication": {
        "type": "Direct",
        "requested": "[2.9.0, )",
        "resolved": "2.9.0",
        "contentHash": "WIfXPVRSkHZerTlmBYgCCzGfRDo/Z5yLVCBAb1Od/k17yCp2E5F+RfAlRJx777rS/fNt0bwI4PSLN8sIH8Fgrw==",
        "dependencies": {
          "Microsoft.AspNetCore.Authentication.JwtBearer": "10.0.5",
          "Microsoft.AspNetCore.Authentication.OpenIdConnect": "10.0.5",
          "Microsoft.IdentityModel.Protocols.OpenIdConnect": "8.16.0"
        }
      },
      "Keycloak.AuthServices.Common": {
        "type": "Direct",
        "requested": "[2.9.0, )",
        "resolved": "2.9.0",
        "contentHash": "mmZblhdra8FHSuCiKJ4V79raktkaDWZTPiMZUUA8ZwhEctXkovNETcZgxt+9zv6aZTTPSn6I1d3qjs6F6tXYug=="
      },
      "Microsoft.AspNetCore.OpenApi": {
        "type": "Direct",
        "requested": "[10.0.7, )",
        "resolved": "10.0.7",
        "contentHash": "vKiAcGXG0BwNVw3bOjjWRLnp9tR18dR7MiwpvC94h0yFS+zfnzGHzS/JmmgwUdRixrGxrlIMRAWrVc+2DfAGlg==",
        "dependencies": {
          "Microsoft.OpenApi": "2.0.0"
        }
      },
      "NSwag.AspNetCore": {
        "type": "Direct",
        "requested": "[14.7.1, )",
        "resolved": "14.7.1",
        "contentHash": "dL25k8teUyyCDsfRRzezRE++yruSLmsPuGwyl6cHBJQa+ivp0MgQ20VONJ33wzHHLediMTW6X18hKu8qP2Vbmg==",
        "dependencies": {
          "NJsonSchema": "11.6.1",
          "NJsonSchema.NewtonsoftJson": "11.6.1",
          "NJsonSchema.Yaml": "11.6.1",
          "NSwag.Annotations": "14.7.1",
          "NSwag.Core.Yaml": "14.7.1",
          "NSwag.Generation.AspNetCore": "14.7.1",
          "Namotion.Reflection": "3.5.0",
          "Newtonsoft.Json": "13.0.3"
        }
      },
      "Microsoft.AspNetCore.Authentication.JwtBearer": {
        "type": "Transitive",
        "resolved": "10.0.5",
        "contentHash": "fZzXogChrwQ/SfifQJgeW7AtR8hUv5+LH9oLWjm5OqfnVt3N8MwcMHHMdawvqqdjP79lIZgetnSpj77BLsSI1g==",
        "dependencies": {
          "Microsoft.IdentityModel.Protocols.OpenIdConnect": "8.0.1"
        }
      },
      "Microsoft.AspNetCore.Authentication.OpenIdConnect": {
        "type": "Transitive",
        "resolved": "10.0.5",
        "contentHash": "MPODD1XR3wu+QbVBpId+uO7yGfhSr1ZIdiPrqzbApHlVUdi2Va29elIKYaROaZd5ksvYWtPnurvHPzTrzg1UnQ==",
        "dependencies": {
          "Microsoft.IdentityModel.Protocols.OpenIdConnect": "8.0.1"
        }
      },
      "Microsoft.EntityFrameworkCore.Abstractions": {
        "type": "Transitive",
        "resolved": "10.0.7",
        "contentHash": "TuxExnfIS/bSq3z2CbH0LwZH1oyj9iHhSGneU4fpxl3ikjZGZdSae9gcfnImV1rufH8f/ab1NnHwyL2BLyeZOg=="
      },
      "Microsoft.EntityFrameworkCore.Analyzers": {
        "type": "Transitive",
        "resolved": "10.0.7",
        "contentHash": "eZnMyiJzo249Ejg5CaFScvJS0u7neQfS9DXknAHTO6FHVMM99gO0byNXHGZmA/BOkZ13ngeVziQLHTMOtgescg=="
      },
      "Microsoft.EntityFrameworkCore.Relational": {
        "type": "Transitive",
        "resolved": "10.0.4",
        "contentHash": "DOTjTHy93W3TwpMLM4SCm0n57Sc0Jj3+m2S6LSTstKyBB34eT1UouaMS19mpWwvtj42+sRiEjA3+rOTNoNzXFQ==",
        "dependencies": {
          "Microsoft.EntityFrameworkCore": "10.0.4"
        }
      },
      "Microsoft.IdentityModel.Abstractions": {
        "type": "Transitive",
        "resolved": "8.16.0",
        "contentHash": "gSxKLWRZzBpIsEoeUPkxfywNCCvRvl7hkq146XHPk5vOQc9izSf1I+uL1vh4y2U19QPxd9Z8K/8AdWyxYz2lSg=="
      },
      "Microsoft.IdentityModel.JsonWebTokens": {
        "type": "Transitive",
        "resolved": "8.16.0",
        "contentHash": "prBU72cIP4V8E9fhN+o/YdskTsLeIcnKPbhZf0X6mD7fdxoZqnS/NdEkSr+9Zp+2q7OZBOMfNBKGbTbhXODO4w==",
        "dependencies": {
          "Microsoft.IdentityModel.Tokens": "8.16.0"
        }
      },
      "Microsoft.IdentityModel.Logging": {
        "type": "Transitive",
        "resolved": "8.16.0",
        "contentHash": "MTzXmETkNQPACR7/XCXM1OGM6oU9RkyibqeJRtO9Ndew2LnGjMf9Atqj2VSf4XC27X0FQycUAlzxxEgQMWn2xQ==",
        "dependencies": {
          "Microsoft.IdentityModel.Abstractions": "8.16.0"
        }
      },
      "Microsoft.IdentityModel.Protocols": {
        "type": "Transitive",
        "resolved": "8.16.0",
        "contentHash": "UFrU7d46UTsPQTa2HIEIpB9H1uJe1BW9FLw5uhEJ2ZuKdur8bcUA/bO5caq5dlBt5gNJeRIB3QQXYNs5fCQCZA==",
        "dependencies": {
          "Microsoft.IdentityModel.Tokens": "8.16.0"
        }
      },
      "Microsoft.IdentityModel.Protocols.OpenIdConnect": {
        "type": "Transitive",
        "resolved": "8.16.0",
        "contentHash": "h4yVXyJsEBBX5lg2G5ftMsi5JzcNEGAzrNphA6DQ6eOd8P0s+cDCOyPwVTYLePZvJL5unbPvYIvzrbTXzFjXnQ==",
        "dependencies": {
          "Microsoft.IdentityModel.Protocols": "8.16.0",
          "System.IdentityModel.Tokens.Jwt": "8.16.0"
        }
      },
      "Microsoft.IdentityModel.Tokens": {
        "type": "Transitive",
        "resolved": "8.16.0",
        "contentHash": "rtViGJcGsN7WcfUNErwNeQgjuU5cJNl6FDQsfi9TncwO+Epzn0FTfBsg3YuFW1Q0Ch/KPxaVdjLw3/+5Z5ceFQ==",
        "dependencies": {
          "Microsoft.IdentityModel.Logging": "8.16.0"
        }
      },
      "Microsoft.OpenApi": {
        "type": "Transitive",
        "resolved": "2.0.0",
        "contentHash": "GGYLfzV/G/ct80OZ45JxnWP7NvMX1BCugn/lX7TH5o0lcVaviavsLMTxmFV2AybXWjbi3h6FF1vgZiTK6PXndw=="
      },
      "Namotion.Reflection": {
        "type": "Transitive",
        "resolved": "3.5.0",
        "contentHash": "FnASiAaTGSmB4SaSroIwnK4ph9noFIXZpPOMezDqWw5S/TNakzSnawPeM7u0Auq1/EqJXeqG4s6UjfrGBH33Ow=="
      },
      "Newtonsoft.Json": {
        "type": "Transitive",
        "resolved": "13.0.3",
        "contentHash": "HrC5BXdl00IP9zeV+0Z848QWPAoCr9P3bDEZguI+gkLcBKAOxix/tLEAAHC+UvDNPv4a2d18lOReHMOagPa+zQ=="
      },
      "NJsonSchema": {
        "type": "Transitive",
        "resolved": "11.6.1",
        "contentHash": "miqvNY4OSXCWVqaMqt0A8VUkij0UH1oPosHMLP+t6/nWNSSzWDPmm7G2DjVW7M9evy0x5DE2pS/DDTtKCpbzSQ==",
        "dependencies": {
          "NJsonSchema.Annotations": "11.6.1",
          "Namotion.Reflection": "3.5.0",
          "Newtonsoft.Json": "13.0.3"
        }
      },
      "NJsonSchema.Annotations": {
        "type": "Transitive",
        "resolved": "11.6.1",
        "contentHash": "WA4z8iK+0SOh2/qoo7rtEanj/LjJZ8oWWoXI8u1xcYMk6VzHONqpabJBYGrzqDO41ld+VQHOFL+B8MXncIVSSA=="
      },
      "NJsonSchema.NewtonsoftJson": {
        "type": "Transitive",
        "resolved": "11.6.1",
        "contentHash": "yuGwViKjNT7BAosX1UAl2asAczupUS0v1IZ0/cO5UXonhjUgE1LmAjAMqHjpbaXiDM+HrQIkJh3bv/2faY2aJg==",
        "dependencies": {
          "NJsonSchema": "11.6.1",
          "Newtonsoft.Json": "13.0.3"
        }
      },
      "NJsonSchema.Yaml": {
        "type": "Transitive",
        "resolved": "11.6.1",
        "contentHash": "3jH3tupVurenoO+bnp9BWR5G46caNqXSWSMGuwb403F7a9vkO13LycuyjD9ohpZHI9crFY8EUWco+pL7eTUxdg==",
        "dependencies": {
          "NJsonSchema": "11.6.1",
          "YamlDotNet": "16.3.0"
        }
      },
      "Npgsql": {
        "type": "Transitive",
        "resolved": "10.0.2",
        "contentHash": "q5RfBI+wywJSFUNDE1L4ZbHEHCFTblo8Uf6A6oe4feOUFYiUQXyAf9GBh5qEZpvJaHiEbpBPkQumjEhXCJxdrg=="
      },
      "NSwag.Annotations": {
        "type": "Transitive",
        "resolved": "14.7.1",
        "contentHash": "4McUe39+UXcJc0fk+ZfUy87cy3Myh89/EaGgQwnBKKUsNMc5WEbP+TVk0ByHKGQf9hoO9ouaOGCGeJD0EVQkjg=="
      },
      "NSwag.Core": {
        "type": "Transitive",
        "resolved": "14.7.1",
        "contentHash": "iwwAeMZ3kugAKCokuOdHzKK/OHdp19vUP/B32CJO10HHzVgC+O4M7HXtHuDf9tloC3OEJ2wkUV4/cYrX4Mr98g==",
        "dependencies": {
          "NJsonSchema": "11.6.1",
          "Namotion.Reflection": "3.5.0",
          "Newtonsoft.Json": "13.0.3"
        }
      },
      "NSwag.Core.Yaml": {
        "type": "Transitive",
        "resolved": "14.7.1",
        "contentHash": "C6nkmDBI/Ps54kilnIgq3S9KQnj4IWvncD4xyYolukueqNSTH8gLgPleff0XAgVWZEvFSIKKSTD4q6rxrpkp2w==",
        "dependencies": {
          "NJsonSchema": "11.6.1",
          "NJsonSchema.Yaml": "11.6.1",
          "NSwag.Core": "14.7.1",
          "Namotion.Reflection": "3.5.0",
          "Newtonsoft.Json": "13.0.3"
        }
      },
      "NSwag.Generation": {
        "type": "Transitive",
        "resolved": "14.7.1",
        "contentHash": "+c7KhqBYoDkuEwuzkTG2FYYX6IuBRsXhOVuzO4QcFCwLXqNIzN1v+zAAdNjpd751I8jurpIes4Y7FoFuei/Uag==",
        "dependencies": {
          "NJsonSchema": "11.6.1",
          "NJsonSchema.NewtonsoftJson": "11.6.1",
          "NSwag.Core": "14.7.1",
          "Namotion.Reflection": "3.5.0",
          "Newtonsoft.Json": "13.0.3"
        }
      },
      "NSwag.Generation.AspNetCore": {
        "type": "Transitive",
        "resolved": "14.7.1",
        "contentHash": "nd1DXN9SwnzdJKtR+EqXHGE6cbkbKjo3AViwpGIBurrLEnYevC8vqkRSKdfhuHViSsihqWXF+Q9rR19yyNFiOA==",
        "dependencies": {
          "NJsonSchema": "11.6.1",
          "NJsonSchema.NewtonsoftJson": "11.6.1",
          "NSwag.Generation": "14.7.1",
          "Namotion.Reflection": "3.5.0",
          "Newtonsoft.Json": "13.0.3"
        }
      },
      "Quartz": {
        "type": "Transitive",
        "resolved": "3.18.1",
        "contentHash": "q/n/gKLcApDlTk90BRNvj6P8HKR+vbtZEQxo5BAbeEoN5e/8/aqRuG6yH7tVg02CeAXAD40boS74s9hVnh4XDw=="
      },
      "Quartz.Extensions.DependencyInjection": {
        "type": "Transitive",
        "resolved": "3.18.1",
        "contentHash": "ct+sIqr7n961jvo695GnqHjB+dhK6b/Y9LSXxK6n9EJ6JzMXpwcusd5u2lCqVqqNHaiGBLXp37E75hpPXHQkzA==",
        "dependencies": {
          "Quartz": "3.18.1"
        }
      },
      "System.IdentityModel.Tokens.Jwt": {
        "type": "Transitive",
        "resolved": "8.16.0",
        "contentHash": "rrs2u7DRMXQG2yh0oVyF/vLwosfRv20Ld2iEpYcKwQWXHjfV+gFXNQsQ9p008kR9Ou4pxBs68Q6/9zC8Gi1wjg==",
        "dependencies": {
          "Microsoft.IdentityModel.JsonWebTokens": "8.16.0",
          "Microsoft.IdentityModel.Tokens": "8.16.0"
        }
      },
      "System.ServiceModel.NetFramingBase": {
        "type": "Transitive",
        "resolved": "10.0.652802",
        "contentHash": "8/wx/Xnfm9LmGmK0banr05JJYNZmJzlxa8J5lfR7v3MM78QzSG8C3/HDi0/BjlOMeMZd21sX7oEFUhoucrk49w==",
        "dependencies": {
          "System.ServiceModel.Primitives": "10.0.652802"
        }
      },
      "YamlDotNet": {
        "type": "Transitive",
        "resolved": "16.3.0",
        "contentHash": "SgMOdxbz8X65z8hraIs6hOEdnkH6hESTAIUa7viEngHOYaH+6q5XJmwr1+yb9vJpNQ19hCQY69xbFsLtXpobQA=="
      },
      "pessoas.integracao.core": {
        "type": "Project",
        "dependencies": {
          "Microsoft.EntityFrameworkCore": "[10.0.7, )",
          "Npgsql.EntityFrameworkCore.PostgreSQL": "[10.0.1, )"
        }
      },
      "pessoas.integracao.worker": {
        "type": "Project",
        "dependencies": {
          "Pessoas.Integracao.Core": "[1.0.0, )",
          "Quartz.Extensions.Hosting": "[3.18.1, )",
          "System.ServiceModel.Http": "[10.0.652802, )",
          "System.ServiceModel.NetTcp": "[10.0.652802, )",
          "System.ServiceModel.Primitives": "[10.0.652802, )"
        }
      },
      "Microsoft.EntityFrameworkCore": {
        "type": "CentralTransitive",
        "requested": "[10.0.7, )",
        "resolved": "10.0.7",
        "contentHash": "G6yclVO5/csPzzsymV0SemY2NDqE31CP5M3jprF5IuO9wJsh4aUOfYD8HCLuDmM1D1CfReegVic48O2r79d46Q==",
        "dependencies": {
          "Microsoft.EntityFrameworkCore.Abstractions": "10.0.7",
          "Microsoft.EntityFrameworkCore.Analyzers": "10.0.7"
        }
      },
      "Npgsql.EntityFrameworkCore.PostgreSQL": {
        "type": "CentralTransitive",
        "requested": "[10.0.1, )",
        "resolved": "10.0.1",
        "contentHash": "P6EwH0Q4xkaA264iNZDqCPhWt8pscfUGxXazDQg4noBfqjoOlk4hKWfvBjF9ZX3R/9JybRmmJfmxr2iBMj0EpA==",
        "dependencies": {
          "Microsoft.EntityFrameworkCore": "[10.0.4, 11.0.0)",
          "Microsoft.EntityFrameworkCore.Relational": "[10.0.4, 11.0.0)",
          "Npgsql": "10.0.2"
        }
      },
      "Quartz.Extensions.Hosting": {
        "type": "CentralTransitive",
        "requested": "[3.18.1, )",
        "resolved": "3.18.1",
        "contentHash": "kZ7ufndI5vygLpI0kCeukVKlzpRFtGjfoU3BoWZ6u6QKoRF2Z3KV1dSpv+VpMqRekz3SrObfN0iLZKWldoZLZw==",
        "dependencies": {
          "Quartz.Extensions.DependencyInjection": "3.18.1"
        }
      },
      "System.ServiceModel.Http": {
        "type": "CentralTransitive",
        "requested": "[10.0.652802, )",
        "resolved": "10.0.652802",
        "contentHash": "G02XZvmccf42QCU5MjviBIg69MSMAVHwL1inVPsNSpfp5g+t5BkQM3DyvWRLN4qmeFDWSF/mA1rIYONIDu/6Dg==",
        "dependencies": {
          "System.ServiceModel.Primitives": "10.0.652802"
        }
      },
      "System.ServiceModel.NetTcp": {
        "type": "CentralTransitive",
        "requested": "[10.0.652802, )",
        "resolved": "10.0.652802",
        "contentHash": "VFQgu0IRWUPuPTxHZkMmhPNGYqcu9RwpFcZpW5L941dunUY8nJAErtAWEZYKnj2zAWsm/88nLAEoFc4cuoC2zw==",
        "dependencies": {
          "System.ServiceModel.NetFramingBase": "10.0.652802",
          "System.ServiceModel.Primitives": "10.0.652802"
        }
      },
      "System.ServiceModel.Primitives": {
        "type": "CentralTransitive",
        "requested": "[10.0.652802, )",
        "resolved": "10.0.652802",
        "contentHash": "ULfGNl75BNXkpF42wNV2CDXJ64dUZZEa8xO2mBsc4tqbW9QjruxjEB6bAr4Z/T1rNU+leOztIjCJQYsBGFWYlw=="
      }
    }
  }
}
